
Microsoft Visual Studio Solution File, Format Version 12.00
# Visual Studio Version 16
VisualStudioVersion = 16.0.31702.278
MinimumVisualStudioVersion = 10.0.40219.1
Project("{FAE04EC0-301F-11D3-BF4B-00C04F79EFBC}") = "Tarea11", "Tarea11\Tarea11.csproj", "{01428295-8FCB-41D7-AB18-3086A4C66C86}"
EndProject
Global
	GlobalSection(SolutionConfigurationPlatforms) = preSolution
		Debug|Any CPU = Debug|Any CPU
		Release|Any CPU = Release|Any CPU
	EndGlobalSection
	GlobalSection(ProjectConfigurationPlatforms) = postSolution
		{01428295-8FCB-41D7-AB18-3086A4C66C86}.Debug|Any CPU.ActiveCfg = Debug|Any CPU
		{01428295-8FCB-41D7-AB18-3086A4C66C86}.Debug|Any CPU.Build.0 = Debug|Any CPU
		{01428295-8FCB-41D7-AB18-3086A4C66C86}.Release|Any CPU.ActiveCfg = Release|Any CPU
		{01428295-8FCB-41D7-AB18-3086A4C66C86}.Release|Any CPU.Build.0 = Release|Any CPU
	EndGlobalSection
	GlobalSection(SolutionProperties) = preSolution
		HideSolutionNode = FALSE
	EndGlobalSection
	GlobalSection(ExtensibilityGlobals) = postSolution
		SolutionGuid = {F4221ADC-6DAF-4B23-9F17-EA03FBE289ED}
	EndGlobalSection
EndGlobal
