
Microsoft Visual Studio Solution File, Format Version 12.00
# Visual Studio Version 16
VisualStudioVersion = 16.0.31702.278
MinimumVisualStudioVersion = 10.0.40219.1
Project("{FAE04EC0-301F-11D3-BF4B-00C04F79EFBC}") = "Clase5", "Clase5\Clase5.csproj", "{0128CAF1-0174-45A1-9E2E-5F48C92A8B2B}"
EndProject
Global
	GlobalSection(SolutionConfigurationPlatforms) = preSolution
		Debug|Any CPU = Debug|Any CPU
		Release|Any CPU = Release|Any CPU
	EndGlobalSection
	GlobalSection(ProjectConfigurationPlatforms) = postSolution
		{0128CAF1-0174-45A1-9E2E-5F48C92A8B2B}.Debug|Any CPU.ActiveCfg = Debug|Any CPU
		{0128CAF1-0174-45A1-9E2E-5F48C92A8B2B}.Debug|Any CPU.Build.0 = Debug|Any CPU
		{0128CAF1-0174-45A1-9E2E-5F48C92A8B2B}.Release|Any CPU.ActiveCfg = Release|Any CPU
		{0128CAF1-0174-45A1-9E2E-5F48C92A8B2B}.Release|Any CPU.Build.0 = Release|Any CPU
	EndGlobalSection
	GlobalSection(SolutionProperties) = preSolution
		HideSolutionNode = FALSE
	EndGlobalSection
	GlobalSection(ExtensibilityGlobals) = postSolution
		SolutionGuid = {0F1927CE-6E1D-4389-B321-B255FE088915}
	EndGlobalSection
EndGlobal
