
Microsoft Visual Studio Solution File, Format Version 12.00
# Visual Studio Version 16
VisualStudioVersion = 16.0.31702.278
MinimumVisualStudioVersion = 10.0.40219.1
Project("{FAE04EC0-301F-11D3-BF4B-00C04F79EFBC}") = "Tarea5", "Tarea5\Tarea5.csproj", "{A1F55AD1-5567-41AD-9C92-3A26C778C008}"
EndProject
Global
	GlobalSection(SolutionConfigurationPlatforms) = preSolution
		Debug|Any CPU = Debug|Any CPU
		Release|Any CPU = Release|Any CPU
	EndGlobalSection
	GlobalSection(ProjectConfigurationPlatforms) = postSolution
		{A1F55AD1-5567-41AD-9C92-3A26C778C008}.Debug|Any CPU.ActiveCfg = Debug|Any CPU
		{A1F55AD1-5567-41AD-9C92-3A26C778C008}.Debug|Any CPU.Build.0 = Debug|Any CPU
		{A1F55AD1-5567-41AD-9C92-3A26C778C008}.Release|Any CPU.ActiveCfg = Release|Any CPU
		{A1F55AD1-5567-41AD-9C92-3A26C778C008}.Release|Any CPU.Build.0 = Release|Any CPU
	EndGlobalSection
	GlobalSection(SolutionProperties) = preSolution
		HideSolutionNode = FALSE
	EndGlobalSection
	GlobalSection(ExtensibilityGlobals) = postSolution
		SolutionGuid = {2E91CC3A-3522-4083-B058-A1A276863097}
	EndGlobalSection
EndGlobal
