
Microsoft Visual Studio Solution File, Format Version 12.00
# Visual Studio Version 16
VisualStudioVersion = 16.0.31702.278
MinimumVisualStudioVersion = 10.0.40219.1
Project("{FAE04EC0-301F-11D3-BF4B-00C04F79EFBC}") = "Tarea5", "Tarea5\Tarea5.csproj", "{93BB6D24-BC5B-48CB-A189-3942869A1F0B}"
EndProject
Global
	GlobalSection(SolutionConfigurationPlatforms) = preSolution
		Debug|Any CPU = Debug|Any CPU
		Release|Any CPU = Release|Any CPU
	EndGlobalSection
	GlobalSection(ProjectConfigurationPlatforms) = postSolution
		{93BB6D24-BC5B-48CB-A189-3942869A1F0B}.Debug|Any CPU.ActiveCfg = Debug|Any CPU
		{93BB6D24-BC5B-48CB-A189-3942869A1F0B}.Debug|Any CPU.Build.0 = Debug|Any CPU
		{93BB6D24-BC5B-48CB-A189-3942869A1F0B}.Release|Any CPU.ActiveCfg = Release|Any CPU
		{93BB6D24-BC5B-48CB-A189-3942869A1F0B}.Release|Any CPU.Build.0 = Release|Any CPU
	EndGlobalSection
	GlobalSection(SolutionProperties) = preSolution
		HideSolutionNode = FALSE
	EndGlobalSection
	GlobalSection(ExtensibilityGlobals) = postSolution
		SolutionGuid = {C778158D-3A8A-438D-B3D1-DE05DB6419D8}
	EndGlobalSection
EndGlobal
