
Microsoft Visual Studio Solution File, Format Version 12.00
# Visual Studio Version 16
VisualStudioVersion = 16.0.31613.86
MinimumVisualStudioVersion = 10.0.40219.1
Project("{FAE04EC0-301F-11D3-BF4B-00C04F79EFBC}") = "Tarea12", "Tarea12\Tarea12.csproj", "{79252789-FF5C-479A-9053-10EA50A23A35}"
EndProject
Global
	GlobalSection(SolutionConfigurationPlatforms) = preSolution
		Debug|Any CPU = Debug|Any CPU
		Release|Any CPU = Release|Any CPU
	EndGlobalSection
	GlobalSection(ProjectConfigurationPlatforms) = postSolution
		{79252789-FF5C-479A-9053-10EA50A23A35}.Debug|Any CPU.ActiveCfg = Debug|Any CPU
		{79252789-FF5C-479A-9053-10EA50A23A35}.Debug|Any CPU.Build.0 = Debug|Any CPU
		{79252789-FF5C-479A-9053-10EA50A23A35}.Release|Any CPU.ActiveCfg = Release|Any CPU
		{79252789-FF5C-479A-9053-10EA50A23A35}.Release|Any CPU.Build.0 = Release|Any CPU
	EndGlobalSection
	GlobalSection(SolutionProperties) = preSolution
		HideSolutionNode = FALSE
	EndGlobalSection
	GlobalSection(ExtensibilityGlobals) = postSolution
		SolutionGuid = {0B5F93B0-D1AC-4EBB-B797-0C9143697A75}
	EndGlobalSection
EndGlobal
