
Microsoft Visual Studio Solution File, Format Version 12.00
# Visual Studio Version 16
VisualStudioVersion = 16.0.31702.278
MinimumVisualStudioVersion = 10.0.40219.1
Project("{FAE04EC0-301F-11D3-BF4B-00C04F79EFBC}") = "Tarea16", "Tarea16\Tarea16.csproj", "{62A91AF0-C025-464D-886D-B9D49EA689EF}"
EndProject
Global
	GlobalSection(SolutionConfigurationPlatforms) = preSolution
		Debug|Any CPU = Debug|Any CPU
		Release|Any CPU = Release|Any CPU
	EndGlobalSection
	GlobalSection(ProjectConfigurationPlatforms) = postSolution
		{62A91AF0-C025-464D-886D-B9D49EA689EF}.Debug|Any CPU.ActiveCfg = Debug|Any CPU
		{62A91AF0-C025-464D-886D-B9D49EA689EF}.Debug|Any CPU.Build.0 = Debug|Any CPU
		{62A91AF0-C025-464D-886D-B9D49EA689EF}.Release|Any CPU.ActiveCfg = Release|Any CPU
		{62A91AF0-C025-464D-886D-B9D49EA689EF}.Release|Any CPU.Build.0 = Release|Any CPU
	EndGlobalSection
	GlobalSection(SolutionProperties) = preSolution
		HideSolutionNode = FALSE
	EndGlobalSection
	GlobalSection(ExtensibilityGlobals) = postSolution
		SolutionGuid = {2BADB04E-EDDB-48D6-B017-A0D55C567540}
	EndGlobalSection
EndGlobal
