
Microsoft Visual Studio Solution File, Format Version 12.00
# Visual Studio Version 16
VisualStudioVersion = 16.0.31702.278
MinimumVisualStudioVersion = 10.0.40219.1
Project("{FAE04EC0-301F-11D3-BF4B-00C04F79EFBC}") = "Tarea10", "Tarea10\Tarea10.csproj", "{736BA881-66D8-4AE6-B6F9-AE01CE6F19C4}"
EndProject
Global
	GlobalSection(SolutionConfigurationPlatforms) = preSolution
		Debug|Any CPU = Debug|Any CPU
		Release|Any CPU = Release|Any CPU
	EndGlobalSection
	GlobalSection(ProjectConfigurationPlatforms) = postSolution
		{736BA881-66D8-4AE6-B6F9-AE01CE6F19C4}.Debug|Any CPU.ActiveCfg = Debug|Any CPU
		{736BA881-66D8-4AE6-B6F9-AE01CE6F19C4}.Debug|Any CPU.Build.0 = Debug|Any CPU
		{736BA881-66D8-4AE6-B6F9-AE01CE6F19C4}.Release|Any CPU.ActiveCfg = Release|Any CPU
		{736BA881-66D8-4AE6-B6F9-AE01CE6F19C4}.Release|Any CPU.Build.0 = Release|Any CPU
	EndGlobalSection
	GlobalSection(SolutionProperties) = preSolution
		HideSolutionNode = FALSE
	EndGlobalSection
	GlobalSection(ExtensibilityGlobals) = postSolution
		SolutionGuid = {606CDA85-F0CE-408F-A19F-10F3482FA4AB}
	EndGlobalSection
EndGlobal
