
Microsoft Visual Studio Solution File, Format Version 12.00
# Visual Studio Version 16
VisualStudioVersion = 16.0.31702.278
MinimumVisualStudioVersion = 10.0.40219.1
Project("{FAE04EC0-301F-11D3-BF4B-00C04F79EFBC}") = "Tarea6", "Tarea6\Tarea6.csproj", "{46FC555A-1113-4696-AB78-DF49A78E4BDE}"
EndProject
Global
	GlobalSection(SolutionConfigurationPlatforms) = preSolution
		Debug|Any CPU = Debug|Any CPU
		Release|Any CPU = Release|Any CPU
	EndGlobalSection
	GlobalSection(ProjectConfigurationPlatforms) = postSolution
		{46FC555A-1113-4696-AB78-DF49A78E4BDE}.Debug|Any CPU.ActiveCfg = Debug|Any CPU
		{46FC555A-1113-4696-AB78-DF49A78E4BDE}.Debug|Any CPU.Build.0 = Debug|Any CPU
		{46FC555A-1113-4696-AB78-DF49A78E4BDE}.Release|Any CPU.ActiveCfg = Release|Any CPU
		{46FC555A-1113-4696-AB78-DF49A78E4BDE}.Release|Any CPU.Build.0 = Release|Any CPU
	EndGlobalSection
	GlobalSection(SolutionProperties) = preSolution
		HideSolutionNode = FALSE
	EndGlobalSection
	GlobalSection(ExtensibilityGlobals) = postSolution
		SolutionGuid = {74B2590D-3F43-46C6-916B-C3E1B16EA585}
	EndGlobalSection
EndGlobal
